
Microsoft Visual Studio Solution File, Format Version 12.00
# Visual Studio Version 17
VisualStudioVersion = 17.1.32328.378
MinimumVisualStudioVersion = 10.0.40219.1
Project("{2150E333-8FDC-42A3-9474-1A3956D46DE8}") = "Source", "Source", "{D5733FC9-8120-42E3-9B3F-99B7E83B392E}"
EndProject
Project("{2150E333-8FDC-42A3-9474-1A3956D46DE8}") = "Core", "Core", "{82810570-3697-46BC-B0C4-FAA377426D7D}"
EndProject
Project("{2150E333-8FDC-42A3-9474-1A3956D46DE8}") = "Infrastructures", "Infrastructures", "{94320425-EB4F-40BD-8945-36244F238D9D}"
EndProject
Project("{2150E333-8FDC-42A3-9474-1A3956D46DE8}") = "WebApi", "WebApi", "{F3BB1131-8D58-4F2A-A71C-9C73207AF9DC}"
EndProject
Project("{9A19103F-16F7-4668-BE54-9A1E7A4F7556}") = "Domain", "Domain\Domain.csproj", "{8CE02629-37F0-4222-9DDB-D37197E63FB7}"
EndProject
Project("{FAE04EC0-301F-11D3-BF4B-00C04F79EFBC}") = "Application", "Application\Application.csproj", "{6689DE51-6E09-49CF-B4A8-1CEE95042210}"
EndProject
Project("{FAE04EC0-301F-11D3-BF4B-00C04F79EFBC}") = "Infrastructure", "Infrastructure\Infrastructure.csproj", "{05697F21-50EA-4563-8F48-931A1986065E}"
EndProject
Project("{FAE04EC0-301F-11D3-BF4B-00C04F79EFBC}") = "Shared", "Shared\Shared.csproj", "{A8BE3C93-5E82-450B-B0D1-547CA6CF8622}"
EndProject
Project("{FAE04EC0-301F-11D3-BF4B-00C04F79EFBC}") = "WebApi", "WebApi\WebApi.csproj", "{6FAB541B-2C1E-43BA-9A21-10849A826E29}"
EndProject
Global
	GlobalSection(SolutionConfigurationPlatforms) = preSolution
		Debug|Any CPU = Debug|Any CPU
		Release|Any CPU = Release|Any CPU
	EndGlobalSection
	GlobalSection(ProjectConfigurationPlatforms) = postSolution
		{8CE02629-37F0-4222-9DDB-D37197E63FB7}.Debug|Any CPU.ActiveCfg = Debug|Any CPU
		{8CE02629-37F0-4222-9DDB-D37197E63FB7}.Debug|Any CPU.Build.0 = Debug|Any CPU
		{8CE02629-37F0-4222-9DDB-D37197E63FB7}.Release|Any CPU.ActiveCfg = Release|Any CPU
		{8CE02629-37F0-4222-9DDB-D37197E63FB7}.Release|Any CPU.Build.0 = Release|Any CPU
		{6689DE51-6E09-49CF-B4A8-1CEE95042210}.Debug|Any CPU.ActiveCfg = Debug|Any CPU
		{6689DE51-6E09-49CF-B4A8-1CEE95042210}.Debug|Any CPU.Build.0 = Debug|Any CPU
		{6689DE51-6E09-49CF-B4A8-1CEE95042210}.Release|Any CPU.ActiveCfg = Release|Any CPU
		{6689DE51-6E09-49CF-B4A8-1CEE95042210}.Release|Any CPU.Build.0 = Release|Any CPU
		{05697F21-50EA-4563-8F48-931A1986065E}.Debug|Any CPU.ActiveCfg = Debug|Any CPU
		{05697F21-50EA-4563-8F48-931A1986065E}.Debug|Any CPU.Build.0 = Debug|Any CPU
		{05697F21-50EA-4563-8F48-931A1986065E}.Release|Any CPU.ActiveCfg = Release|Any CPU
		{05697F21-50EA-4563-8F48-931A1986065E}.Release|Any CPU.Build.0 = Release|Any CPU
		{A8BE3C93-5E82-450B-B0D1-547CA6CF8622}.Debug|Any CPU.ActiveCfg = Debug|Any CPU
		{A8BE3C93-5E82-450B-B0D1-547CA6CF8622}.Debug|Any CPU.Build.0 = Debug|Any CPU
		{A8BE3C93-5E82-450B-B0D1-547CA6CF8622}.Release|Any CPU.ActiveCfg = Release|Any CPU
		{A8BE3C93-5E82-450B-B0D1-547CA6CF8622}.Release|Any CPU.Build.0 = Release|Any CPU
		{6FAB541B-2C1E-43BA-9A21-10849A826E29}.Debug|Any CPU.ActiveCfg = Debug|Any CPU
		{6FAB541B-2C1E-43BA-9A21-10849A826E29}.Debug|Any CPU.Build.0 = Debug|Any CPU
		{6FAB541B-2C1E-43BA-9A21-10849A826E29}.Release|Any CPU.ActiveCfg = Release|Any CPU
		{6FAB541B-2C1E-43BA-9A21-10849A826E29}.Release|Any CPU.Build.0 = Release|Any CPU
	EndGlobalSection
	GlobalSection(SolutionProperties) = preSolution
		HideSolutionNode = FALSE
	EndGlobalSection
	GlobalSection(NestedProjects) = preSolution
		{82810570-3697-46BC-B0C4-FAA377426D7D} = {D5733FC9-8120-42E3-9B3F-99B7E83B392E}
		{94320425-EB4F-40BD-8945-36244F238D9D} = {D5733FC9-8120-42E3-9B3F-99B7E83B392E}
		{F3BB1131-8D58-4F2A-A71C-9C73207AF9DC} = {D5733FC9-8120-42E3-9B3F-99B7E83B392E}
		{8CE02629-37F0-4222-9DDB-D37197E63FB7} = {82810570-3697-46BC-B0C4-FAA377426D7D}
		{6689DE51-6E09-49CF-B4A8-1CEE95042210} = {82810570-3697-46BC-B0C4-FAA377426D7D}
		{05697F21-50EA-4563-8F48-931A1986065E} = {94320425-EB4F-40BD-8945-36244F238D9D}
		{A8BE3C93-5E82-450B-B0D1-547CA6CF8622} = {94320425-EB4F-40BD-8945-36244F238D9D}
		{6FAB541B-2C1E-43BA-9A21-10849A826E29} = {F3BB1131-8D58-4F2A-A71C-9C73207AF9DC}
	EndGlobalSection
	GlobalSection(ExtensibilityGlobals) = postSolution
		SolutionGuid = {EA77CFEF-46A4-4632-9980-7D0CAC175F8A}
	EndGlobalSection
EndGlobal
